
Microsoft Visual Studio Solution File, Format Version 12.00
# Visual Studio Version 17
VisualStudioVersion = 17.6.33815.320
MinimumVisualStudioVersion = 10.0.40219.1
Project("{9A19103F-16F7-4668-BE54-9A1E7A4F7556}") = "DZ_1_2_Data types_ Operators", "DZ_1_2_Data types_ Operators\DZ_1_2_Data types_ Operators.csproj", "{833749F5-3794-4DFF-98EC-D859064A173A}"
EndProject
Project("{2150E333-8FDC-42A3-9474-1A3956D46DE8}") = "Solution Items", "Solution Items", "{7A97BA66-0392-47D9-AC92-1642C5D4E159}"
	ProjectSection(SolutionItems) = preProject
		.editorconfig = .editorconfig
	EndProjectSection
EndProject
Global
	GlobalSection(SolutionConfigurationPlatforms) = preSolution
		Debug|Any CPU = Debug|Any CPU
		Release|Any CPU = Release|Any CPU
	EndGlobalSection
	GlobalSection(ProjectConfigurationPlatforms) = postSolution
		{833749F5-3794-4DFF-98EC-D859064A173A}.Debug|Any CPU.ActiveCfg = Debug|Any CPU
		{833749F5-3794-4DFF-98EC-D859064A173A}.Debug|Any CPU.Build.0 = Debug|Any CPU
		{833749F5-3794-4DFF-98EC-D859064A173A}.Release|Any CPU.ActiveCfg = Release|Any CPU
		{833749F5-3794-4DFF-98EC-D859064A173A}.Release|Any CPU.Build.0 = Release|Any CPU
	EndGlobalSection
	GlobalSection(SolutionProperties) = preSolution
		HideSolutionNode = FALSE
	EndGlobalSection
	GlobalSection(ExtensibilityGlobals) = postSolution
		SolutionGuid = {CEA36DD3-0216-4171-942E-0D3F564C08A6}
	EndGlobalSection
EndGlobal
